
Microsoft Visual Studio Solution File, Format Version 12.00
# Visual Studio 15
VisualStudioVersion = 15.0.27703.2000
MinimumVisualStudioVersion = 10.0.40219.1
Project("{9092AA53-FB77-4645-B42D-1CCCA6BD08BD}") = "NodejsServer", "NodejsServer\NodejsServer.njsproj", "{C7F4AD88-AFCB-442B-9AF6-1DACA62CF61C}"
EndProject
Project("{FAE04EC0-301F-11D3-BF4B-00C04F79EFBC}") = "NodeJsWpf", "NodeJsWpf\NodeJsWpf.csproj", "{A1EC7B9B-86F8-4002-A190-A38E1A01CF2C}"
EndProject
Project("{FAE04EC0-301F-11D3-BF4B-00C04F79EFBC}") = "NodeJsConsole", "NodeJsConsole\NodeJsConsole.csproj", "{771D33E4-96CE-4089-B9EC-6E5062717FD4}"
EndProject
Global
	GlobalSection(SolutionConfigurationPlatforms) = preSolution
		Debug|Any CPU = Debug|Any CPU
		Release|Any CPU = Release|Any CPU
	EndGlobalSection
	GlobalSection(ProjectConfigurationPlatforms) = postSolution
		{C7F4AD88-AFCB-442B-9AF6-1DACA62CF61C}.Debug|Any CPU.ActiveCfg = Debug|Any CPU
		{C7F4AD88-AFCB-442B-9AF6-1DACA62CF61C}.Debug|Any CPU.Build.0 = Debug|Any CPU
		{C7F4AD88-AFCB-442B-9AF6-1DACA62CF61C}.Release|Any CPU.ActiveCfg = Release|Any CPU
		{C7F4AD88-AFCB-442B-9AF6-1DACA62CF61C}.Release|Any CPU.Build.0 = Release|Any CPU
		{A1EC7B9B-86F8-4002-A190-A38E1A01CF2C}.Debug|Any CPU.ActiveCfg = Debug|Any CPU
		{A1EC7B9B-86F8-4002-A190-A38E1A01CF2C}.Debug|Any CPU.Build.0 = Debug|Any CPU
		{A1EC7B9B-86F8-4002-A190-A38E1A01CF2C}.Release|Any CPU.ActiveCfg = Release|Any CPU
		{A1EC7B9B-86F8-4002-A190-A38E1A01CF2C}.Release|Any CPU.Build.0 = Release|Any CPU
		{771D33E4-96CE-4089-B9EC-6E5062717FD4}.Debug|Any CPU.ActiveCfg = Debug|Any CPU
		{771D33E4-96CE-4089-B9EC-6E5062717FD4}.Debug|Any CPU.Build.0 = Debug|Any CPU
		{771D33E4-96CE-4089-B9EC-6E5062717FD4}.Release|Any CPU.ActiveCfg = Release|Any CPU
		{771D33E4-96CE-4089-B9EC-6E5062717FD4}.Release|Any CPU.Build.0 = Release|Any CPU
	EndGlobalSection
	GlobalSection(SolutionProperties) = preSolution
		HideSolutionNode = FALSE
	EndGlobalSection
	GlobalSection(ExtensibilityGlobals) = postSolution
		SolutionGuid = {913D411B-EE51-4445-8DC3-9BCE42A448B9}
	EndGlobalSection
EndGlobal
